// !$*UTF8*$!
{
	archiveVersion = 1;
	classes = {
	};
	objectVersion = 55;
	objects = {

/* Begin PBXBuildFile section */
		036F8247279F87DF004EB19C /* CHIP.framework in Frameworks */ = {isa = PBXBuildFile; fileRef = 036F8246279F87DF004EB19C /* CHIP.framework */; };
		03F24B6327A06B2200DA5E74 /* main.m in Sources */ = {isa = PBXBuildFile; fileRef = 03F24B6227A06B2200DA5E74 /* main.m */; };
/* End PBXBuildFile section */

/* Begin PBXCopyFilesBuildPhase section */
		036F8234279F87B1004EB19C /* CopyFiles */ = {
			isa = PBXCopyFilesBuildPhase;
			buildActionMask = 2147483647;
			dstPath = /usr/share/man/man1/;
			dstSubfolderSpec = 0;
			files = (
			);
			runOnlyForDeploymentPostprocessing = 1;
		};
/* End PBXCopyFilesBuildPhase section */

/* Begin PBXFileReference section */
		03520BC727A065E200E4D5B6 /* chip-tool-utils.a */ = {isa = PBXFileReference; lastKnownFileType = archive.ar; name = "chip-tool-utils.a"; path = "../../../examples/chip-tool/out/host/chip-tool-utils.a"; sourceTree = "<group>"; };
		036F8236279F87B1004EB19C /* chip-tool */ = {isa = PBXFileReference; explicitFileType = "compiled.mach-o.executable"; includeInIndex = 0; path = "chip-tool"; sourceTree = BUILT_PRODUCTS_DIR; };
		036F8246279F87DF004EB19C /* CHIP.framework */ = {isa = PBXFileReference; explicitFileType = wrapper.framework; path = CHIP.framework; sourceTree = BUILT_PRODUCTS_DIR; };
		036F824B279F8921004EB19C /* chip-tool.entitlements */ = {isa = PBXFileReference; lastKnownFileType = text.plist.entitlements; path = "chip-tool.entitlements"; sourceTree = "<group>"; };
		036F824D279F9024004EB19C /* CHIPCommand.m */ = {isa = PBXFileReference; lastKnownFileType = sourcecode.c.objc; path = CHIPCommand.m; sourceTree = "<group>"; };
		036F824F279F903A004EB19C /* CHIPCommand.h */ = {isa = PBXFileReference; lastKnownFileType = sourcecode.c.h; path = CHIPCommand.h; sourceTree = "<group>"; };
		036F8250279F9142004EB19C /* Command.m */ = {isa = PBXFileReference; lastKnownFileType = sourcecode.c.objc; path = Command.m; sourceTree = "<group>"; };
		036F8252279F914E004EB19C /* Command.h */ = {isa = PBXFileReference; lastKnownFileType = sourcecode.c.h; path = Command.h; sourceTree = "<group>"; };
		03F24B6227A06B2200DA5E74 /* main.m */ = {isa = PBXFileReference; fileEncoding = 4; lastKnownFileType = sourcecode.c.objc; path = main.m; sourceTree = "<group>"; };
		03F24B6427A071DD00DA5E74 /* main_backup.m */ = {isa = PBXFileReference; lastKnownFileType = sourcecode.c.objc; path = main_backup.m; sourceTree = "<group>"; };
		03F24B6727A072AE00DA5E74 /* Command.cpp */ = {isa = PBXFileReference; lastKnownFileType = sourcecode.cpp.cpp; name = Command.cpp; path = "../../../examples/chip-tool/commands/common/Command.cpp"; sourceTree = "<group>"; };
		03F24B6D27A073F700DA5E74 /* Nullable.h */ = {isa = PBXFileReference; fileEncoding = 4; lastKnownFileType = sourcecode.c.h; name = Nullable.h; path = "../../app/data-model/Nullable.h"; sourceTree = "<group>"; };
		03F24B7027A07E5700DA5E74 /* libCHIP.a */ = {isa = PBXFileReference; lastKnownFileType = archive.ar; name = libCHIP.a; path = "../../../../Library/Developer/Xcode/DerivedData/Darwin-czvzsrqkgfvbhsfrkdrwellkxgxc/Build/Intermediates.noindex/CHIP.build/Debug/CHIP.build/out/lib/libCHIP.a"; sourceTree = "<group>"; };
/* End PBXFileReference section */

/* Begin PBXFrameworksBuildPhase section */
		036F8233279F87B1004EB19C /* Frameworks */ = {
			isa = PBXFrameworksBuildPhase;
			buildActionMask = 2147483647;
			files = (
				036F8247279F87DF004EB19C /* CHIP.framework in Frameworks */,
			);
			runOnlyForDeploymentPostprocessing = 0;
		};
/* End PBXFrameworksBuildPhase section */

/* Begin PBXGroup section */
		03520BCE27A0683A00E4D5B6 /* CHIP */ = {
			isa = PBXGroup;
			children = (
				03F24B6727A072AE00DA5E74 /* Command.cpp */,
				03F24B6D27A073F700DA5E74 /* Nullable.h */,
			);
			name = CHIP;
			sourceTree = "<group>";
		};
		036F822D279F87B1004EB19C = {
			isa = PBXGroup;
			children = (
				03520BCE27A0683A00E4D5B6 /* CHIP */,
				036F8238279F87B1004EB19C /* chip-tool */,
				036F8237279F87B1004EB19C /* Products */,
				036F8245279F87DF004EB19C /* Frameworks */,
			);
			sourceTree = "<group>";
		};
		036F8237279F87B1004EB19C /* Products */ = {
			isa = PBXGroup;
			children = (
				036F8236279F87B1004EB19C /* chip-tool */,
			);
			name = Products;
			sourceTree = "<group>";
		};
		036F8238279F87B1004EB19C /* chip-tool */ = {
			isa = PBXGroup;
			children = (
				03F24B6227A06B2200DA5E74 /* main.m */,
				03F24B6427A071DD00DA5E74 /* main_backup.m */,
				036F824A279F8903004EB19C /* entitlements */,
				036F8248279F8889004EB19C /* commands */,
			);
			path = "chip-tool";
			sourceTree = "<group>";
		};
		036F8245279F87DF004EB19C /* Frameworks */ = {
			isa = PBXGroup;
			children = (
				03F24B7027A07E5700DA5E74 /* libCHIP.a */,
				03520BC727A065E200E4D5B6 /* chip-tool-utils.a */,
				036F8246279F87DF004EB19C /* CHIP.framework */,
			);
			name = Frameworks;
			sourceTree = "<group>";
		};
		036F8248279F8889004EB19C /* commands */ = {
			isa = PBXGroup;
			children = (
				036F824C279F8C7A004EB19C /* common */,
				036F8249279F889D004EB19C /* pairing */,
			);
			path = commands;
			sourceTree = "<group>";
		};
		036F8249279F889D004EB19C /* pairing */ = {
			isa = PBXGroup;
			children = (
			);
			path = pairing;
			sourceTree = "<group>";
		};
		036F824A279F8903004EB19C /* entitlements */ = {
			isa = PBXGroup;
			children = (
				036F824B279F8921004EB19C /* chip-tool.entitlements */,
			);
			path = entitlements;
			sourceTree = "<group>";
		};
		036F824C279F8C7A004EB19C /* common */ = {
			isa = PBXGroup;
			children = (
				036F824D279F9024004EB19C /* CHIPCommand.m */,
				036F8250279F9142004EB19C /* Command.m */,
				036F8252279F914E004EB19C /* Command.h */,
				036F824F279F903A004EB19C /* CHIPCommand.h */,
			);
			path = common;
			sourceTree = "<group>";
		};
/* End PBXGroup section */

/* Begin PBXNativeTarget section */
		036F8235279F87B1004EB19C /* chip-tool */ = {
			isa = PBXNativeTarget;
			buildConfigurationList = 036F823D279F87B1004EB19C /* Build configuration list for PBXNativeTarget "chip-tool" */;
			buildPhases = (
				036F8232279F87B1004EB19C /* Sources */,
				036F8233279F87B1004EB19C /* Frameworks */,
				036F8234279F87B1004EB19C /* CopyFiles */,
			);
			buildRules = (
			);
			dependencies = (
			);
			name = "chip-tool";
			productName = "chip-tool";
			productReference = 036F8236279F87B1004EB19C /* chip-tool */;
			productType = "com.apple.product-type.tool";
		};
/* End PBXNativeTarget section */

/* Begin PBXProject section */
		036F822E279F87B1004EB19C /* Project object */ = {
			isa = PBXProject;
			attributes = {
				BuildIndependentTargetsInParallel = 1;
				LastUpgradeCheck = 1330;
				TargetAttributes = {
					036F8235279F87B1004EB19C = {
						CreatedOnToolsVersion = 13.3;
					};
				};
			};
			buildConfigurationList = 036F8231279F87B1004EB19C /* Build configuration list for PBXProject "chip-tool" */;
			compatibilityVersion = "Xcode 13.0";
			developmentRegion = en;
			hasScannedForEncodings = 0;
			knownRegions = (
				en,
				Base,
			);
			mainGroup = 036F822D279F87B1004EB19C;
			productRefGroup = 036F8237279F87B1004EB19C /* Products */;
			projectDirPath = "";
			projectRoot = "";
			targets = (
				036F8235279F87B1004EB19C /* chip-tool */,
			);
		};
/* End PBXProject section */

/* Begin PBXSourcesBuildPhase section */
		036F8232279F87B1004EB19C /* Sources */ = {
			isa = PBXSourcesBuildPhase;
			buildActionMask = 2147483647;
			files = (
				03F24B6327A06B2200DA5E74 /* main.m in Sources */,
			);
			runOnlyForDeploymentPostprocessing = 0;
		};
/* End PBXSourcesBuildPhase section */

/* Begin XCBuildConfiguration section */
		036F823B279F87B1004EB19C /* Debug */ = {
			isa = XCBuildConfiguration;
			buildSettings = {
				ALWAYS_SEARCH_USER_PATHS = NO;
				CLANG_ANALYZER_NONNULL = YES;
				CLANG_ANALYZER_NUMBER_OBJECT_CONVERSION = YES_AGGRESSIVE;
				CLANG_CXX_LANGUAGE_STANDARD = "gnu++17";
				CLANG_CXX_LIBRARY = "libc++";
				CLANG_ENABLE_MODULES = YES;
				CLANG_ENABLE_OBJC_ARC = YES;
				CLANG_ENABLE_OBJC_WEAK = YES;
				CLANG_WARN_BLOCK_CAPTURE_AUTORELEASING = YES;
				CLANG_WARN_BOOL_CONVERSION = YES;
				CLANG_WARN_COMMA = YES;
				CLANG_WARN_CONSTANT_CONVERSION = YES;
				CLANG_WARN_DEPRECATED_OBJC_IMPLEMENTATIONS = YES;
				CLANG_WARN_DIRECT_OBJC_ISA_USAGE = YES_ERROR;
				CLANG_WARN_DOCUMENTATION_COMMENTS = YES;
				CLANG_WARN_EMPTY_BODY = YES;
				CLANG_WARN_ENUM_CONVERSION = YES;
				CLANG_WARN_INFINITE_RECURSION = YES;
				CLANG_WARN_INT_CONVERSION = YES;
				CLANG_WARN_NON_LITERAL_NULL_CONVERSION = YES;
				CLANG_WARN_OBJC_IMPLICIT_RETAIN_SELF = YES;
				CLANG_WARN_OBJC_LITERAL_CONVERSION = YES;
				CLANG_WARN_OBJC_ROOT_CLASS = YES_ERROR;
				CLANG_WARN_QUOTED_INCLUDE_IN_FRAMEWORK_HEADER = YES;
				CLANG_WARN_RANGE_LOOP_ANALYSIS = YES;
				CLANG_WARN_STRICT_PROTOTYPES = YES;
				CLANG_WARN_SUSPICIOUS_MOVE = YES;
				CLANG_WARN_UNGUARDED_AVAILABILITY = YES_AGGRESSIVE;
				CLANG_WARN_UNREACHABLE_CODE = YES;
				CLANG_WARN__DUPLICATE_METHOD_MATCH = YES;
				COPY_PHASE_STRIP = NO;
				DEBUG_INFORMATION_FORMAT = dwarf;
				ENABLE_STRICT_OBJC_MSGSEND = YES;
				ENABLE_TESTABILITY = YES;
				GCC_C_LANGUAGE_STANDARD = gnu11;
				GCC_DYNAMIC_NO_PIC = NO;
				GCC_NO_COMMON_BLOCKS = YES;
				GCC_OPTIMIZATION_LEVEL = 0;
				GCC_PREPROCESSOR_DEFINITIONS = (
					"DEBUG=1",
					"$(inherited)",
				);
				GCC_WARN_64_TO_32_BIT_CONVERSION = YES;
				GCC_WARN_ABOUT_RETURN_TYPE = YES_ERROR;
				GCC_WARN_UNDECLARED_SELECTOR = YES;
				GCC_WARN_UNINITIALIZED_AUTOS = YES_AGGRESSIVE;
				GCC_WARN_UNUSED_FUNCTION = YES;
				GCC_WARN_UNUSED_VARIABLE = YES;
				MACOSX_DEPLOYMENT_TARGET = 12.0;
				MTL_ENABLE_DEBUG_INFO = INCLUDE_SOURCE;
				MTL_FAST_MATH = YES;
				ONLY_ACTIVE_ARCH = YES;
				SDKROOT = macosx;
			};
			name = Debug;
		};
		036F823C279F87B1004EB19C /* Release */ = {
			isa = XCBuildConfiguration;
			buildSettings = {
				ALWAYS_SEARCH_USER_PATHS = NO;
				CLANG_ANALYZER_NONNULL = YES;
				CLANG_ANALYZER_NUMBER_OBJECT_CONVERSION = YES_AGGRESSIVE;
				CLANG_CXX_LANGUAGE_STANDARD = "gnu++17";
				CLANG_CXX_LIBRARY = "libc++";
				CLANG_ENABLE_MODULES = YES;
				CLANG_ENABLE_OBJC_ARC = YES;
				CLANG_ENABLE_OBJC_WEAK = YES;
				CLANG_WARN_BLOCK_CAPTURE_AUTORELEASING = YES;
				CLANG_WARN_BOOL_CONVERSION = YES;
				CLANG_WARN_COMMA = YES;
				CLANG_WARN_CONSTANT_CONVERSION = YES;
				CLANG_WARN_DEPRECATED_OBJC_IMPLEMENTATIONS = YES;
				CLANG_WARN_DIRECT_OBJC_ISA_USAGE = YES_ERROR;
				CLANG_WARN_DOCUMENTATION_COMMENTS = YES;
				CLANG_WARN_EMPTY_BODY = YES;
				CLANG_WARN_ENUM_CONVERSION = YES;
				CLANG_WARN_INFINITE_RECURSION = YES;
				CLANG_WARN_INT_CONVERSION = YES;
				CLANG_WARN_NON_LITERAL_NULL_CONVERSION = YES;
				CLANG_WARN_OBJC_IMPLICIT_RETAIN_SELF = YES;
				CLANG_WARN_OBJC_LITERAL_CONVERSION = YES;
				CLANG_WARN_OBJC_ROOT_CLASS = YES_ERROR;
				CLANG_WARN_QUOTED_INCLUDE_IN_FRAMEWORK_HEADER = YES;
				CLANG_WARN_RANGE_LOOP_ANALYSIS = YES;
				CLANG_WARN_STRICT_PROTOTYPES = YES;
				CLANG_WARN_SUSPICIOUS_MOVE = YES;
				CLANG_WARN_UNGUARDED_AVAILABILITY = YES_AGGRESSIVE;
				CLANG_WARN_UNREACHABLE_CODE = YES;
				CLANG_WARN__DUPLICATE_METHOD_MATCH = YES;
				COPY_PHASE_STRIP = NO;
				DEBUG_INFORMATION_FORMAT = "dwarf-with-dsym";
				ENABLE_NS_ASSERTIONS = NO;
				ENABLE_STRICT_OBJC_MSGSEND = YES;
				GCC_C_LANGUAGE_STANDARD = gnu11;
				GCC_NO_COMMON_BLOCKS = YES;
				GCC_WARN_64_TO_32_BIT_CONVERSION = YES;
				GCC_WARN_ABOUT_RETURN_TYPE = YES_ERROR;
				GCC_WARN_UNDECLARED_SELECTOR = YES;
				GCC_WARN_UNINITIALIZED_AUTOS = YES_AGGRESSIVE;
				GCC_WARN_UNUSED_FUNCTION = YES;
				GCC_WARN_UNUSED_VARIABLE = YES;
				MACOSX_DEPLOYMENT_TARGET = 12.0;
				MTL_ENABLE_DEBUG_INFO = NO;
				MTL_FAST_MATH = YES;
				SDKROOT = macosx;
			};
			name = Release;
		};
		036F823E279F87B1004EB19C /* Debug */ = {
			isa = XCBuildConfiguration;
			buildSettings = {
				CHIP_ROOT = "$(PROJECT_DIR)/../../..";
				CODE_SIGN_ENTITLEMENTS = "chip-tool/entitlements/chip-tool.entitlements";
				CODE_SIGN_STYLE = Automatic;
				HEADER_SEARCH_PATHS = (
					"$(CHIP_ROOT)/src",
					"$(CHIP_ROOT)/src/app",
					"$(CHIP_ROOT)/src/app/data-model",
					"$(CHIP_ROOT)/third_party/nlassert/repo/include",
					"$(CHIP_ROOT)/src/lib",
				);
				LIBRARY_SEARCH_PATHS = "$(TEMP_DIR)/out/lib";
				PRODUCT_NAME = "$(TARGET_NAME)";
				SUPPORTED_PLATFORMS = "macosx iphonesimulator iphoneos";
			};
			name = Debug;
		};
		036F823F279F87B1004EB19C /* Release */ = {
			isa = XCBuildConfiguration;
			buildSettings = {
				CHIP_ROOT = "$(PROJECT_DIR)/../../..";
				CODE_SIGN_ENTITLEMENTS = "chip-tool/entitlements/chip-tool.entitlements";
				CODE_SIGN_STYLE = Automatic;
				HEADER_SEARCH_PATHS = (
					"$(CHIP_ROOT)/src",
					"$(CHIP_ROOT)/src/app",
					"$(CHIP_ROOT)/src/app/data-model",
					"$(CHIP_ROOT)/third_party/nlassert/repo/include",
					"$(CHIP_ROOT)/src/lib",
				);
				LIBRARY_SEARCH_PATHS = "$(TEMP_DIR)/out/lib";
				PRODUCT_NAME = "$(TARGET_NAME)";
				SUPPORTED_PLATFORMS = "macosx iphonesimulator iphoneos";
			};
			name = Release;
		};
/* End XCBuildConfiguration section */

/* Begin XCConfigurationList section */
		036F8231279F87B1004EB19C /* Build configuration list for PBXProject "chip-tool" */ = {
			isa = XCConfigurationList;
			buildConfigurations = (
				036F823B279F87B1004EB19C /* Debug */,
				036F823C279F87B1004EB19C /* Release */,
			);
			defaultConfigurationIsVisible = 0;
			defaultConfigurationName = Release;
		};
		036F823D279F87B1004EB19C /* Build configuration list for PBXNativeTarget "chip-tool" */ = {
			isa = XCConfigurationList;
			buildConfigurations = (
				036F823E279F87B1004EB19C /* Debug */,
				036F823F279F87B1004EB19C /* Release */,
			);
			defaultConfigurationIsVisible = 0;
			defaultConfigurationName = Release;
		};
/* End XCConfigurationList section */
	};
	rootObject = 036F822E279F87B1004EB19C /* Project object */;
}
